
Microsoft Visual Studio Solution File, Format Version 12.00
Project("{FAE04EC0-301F-11D3-BF4B-00C04F79EFBC}") = "Student.gRPC.Client", "Student.gRPC.Client\Student.gRPC.Client.csproj", "{BF6E661C-EDAA-4AEE-A05E-76C04C3088BA}"
EndProject
Project("{2150E333-8FDC-42A3-9474-1A3956D46DE8}") = "src", "src", "{3F90148F-877A-452F-A4E2-339199FB8D00}"
EndProject

Project("{2150E333-8FDC-42A3-9474-1A3956D46DE8}") = "test", "test", "{29059F87-3912-4157-B5CD-9EDEEFA9ABED}"
EndProject
Project("{FAE04EC0-301F-11D3-BF4B-00C04F79EFBC}") = "Student.Tests", "Student.Tests\Student.Tests.csproj", "{D8647850-6742-4893-88F7-8E10A09E0A49}"
EndProject
Project("{FAE04EC0-301F-11D3-BF4B-00C04F79EFBC}") = "ESgRPC.Commands", "ESgRPC.Commands\ESgRPC.Commands.csproj", "{E39AEE3C-F8B5-4498-8D0F-446F8D50463B}"
EndProject
Project("{FAE04EC0-301F-11D3-BF4B-00C04F79EFBC}") = "Student.Tests.Live", "Student.Tests.Live\Student.Tests.Live.csproj", "{7113DB6C-E221-4F50-8A19-A50EB80D98DE}"
EndProject
Global
	GlobalSection(SolutionConfigurationPlatforms) = preSolution
		Debug|Any CPU = Debug|Any CPU
		Release|Any CPU = Release|Any CPU
	EndGlobalSection
	GlobalSection(ProjectConfigurationPlatforms) = postSolution
		{D047EFB2-940C-4E74-8ABD-D79A59960030}.Debug|Any CPU.ActiveCfg = Debug|Any CPU
		{D047EFB2-940C-4E74-8ABD-D79A59960030}.Debug|Any CPU.Build.0 = Debug|Any CPU
		{D047EFB2-940C-4E74-8ABD-D79A59960030}.Release|Any CPU.ActiveCfg = Release|Any CPU
		{D047EFB2-940C-4E74-8ABD-D79A59960030}.Release|Any CPU.Build.0 = Release|Any CPU
		{BF6E661C-EDAA-4AEE-A05E-76C04C3088BA}.Debug|Any CPU.ActiveCfg = Debug|Any CPU
		{BF6E661C-EDAA-4AEE-A05E-76C04C3088BA}.Debug|Any CPU.Build.0 = Debug|Any CPU
		{BF6E661C-EDAA-4AEE-A05E-76C04C3088BA}.Release|Any CPU.ActiveCfg = Release|Any CPU
		{BF6E661C-EDAA-4AEE-A05E-76C04C3088BA}.Release|Any CPU.Build.0 = Release|Any CPU
		{AD20A00D-DC57-4753-9746-D858FDD12D17}.Debug|Any CPU.ActiveCfg = Debug|Any CPU
		{AD20A00D-DC57-4753-9746-D858FDD12D17}.Debug|Any CPU.Build.0 = Debug|Any CPU
		{AD20A00D-DC57-4753-9746-D858FDD12D17}.Release|Any CPU.ActiveCfg = Release|Any CPU
		{AD20A00D-DC57-4753-9746-D858FDD12D17}.Release|Any CPU.Build.0 = Release|Any CPU
		{D8647850-6742-4893-88F7-8E10A09E0A49}.Debug|Any CPU.ActiveCfg = Debug|Any CPU
		{D8647850-6742-4893-88F7-8E10A09E0A49}.Debug|Any CPU.Build.0 = Debug|Any CPU
		{D8647850-6742-4893-88F7-8E10A09E0A49}.Release|Any CPU.ActiveCfg = Release|Any CPU
		{D8647850-6742-4893-88F7-8E10A09E0A49}.Release|Any CPU.Build.0 = Release|Any CPU
		{E39AEE3C-F8B5-4498-8D0F-446F8D50463B}.Debug|Any CPU.ActiveCfg = Debug|Any CPU
		{E39AEE3C-F8B5-4498-8D0F-446F8D50463B}.Debug|Any CPU.Build.0 = Debug|Any CPU
		{E39AEE3C-F8B5-4498-8D0F-446F8D50463B}.Release|Any CPU.ActiveCfg = Release|Any CPU
		{E39AEE3C-F8B5-4498-8D0F-446F8D50463B}.Release|Any CPU.Build.0 = Release|Any CPU
		{7113DB6C-E221-4F50-8A19-A50EB80D98DE}.Debug|Any CPU.ActiveCfg = Debug|Any CPU
		{7113DB6C-E221-4F50-8A19-A50EB80D98DE}.Debug|Any CPU.Build.0 = Debug|Any CPU
		{7113DB6C-E221-4F50-8A19-A50EB80D98DE}.Release|Any CPU.ActiveCfg = Release|Any CPU
		{7113DB6C-E221-4F50-8A19-A50EB80D98DE}.Release|Any CPU.Build.0 = Release|Any CPU
	EndGlobalSection
	GlobalSection(NestedProjects) = preSolution
		{BF6E661C-EDAA-4AEE-A05E-76C04C3088BA} = {3F90148F-877A-452F-A4E2-339199FB8D00}
		{D8647850-6742-4893-88F7-8E10A09E0A49} = {29059F87-3912-4157-B5CD-9EDEEFA9ABED}
		{E39AEE3C-F8B5-4498-8D0F-446F8D50463B} = {3F90148F-877A-452F-A4E2-339199FB8D00}
		{7113DB6C-E221-4F50-8A19-A50EB80D98DE} = {29059F87-3912-4157-B5CD-9EDEEFA9ABED}
	EndGlobalSection
EndGlobal
